
Microsoft Visual Studio Solution File, Format Version 12.00
Project("{FAE04EC0-301F-11D3-BF4B-00C04F79EFBC}") = "Hyw", "Hyw.csproj", "{0C0DE8F4-F872-48A3-905E-79CB0A773027}"
EndProject
Global
	GlobalSection(SolutionConfigurationPlatforms) = preSolution
		Debug|Any CPU = Debug|Any CPU
		Release|Any CPU = Release|Any CPU
	EndGlobalSection
	GlobalSection(ProjectConfigurationPlatforms) = postSolution
		{0C0DE8F4-F872-48A3-905E-79CB0A773027}.Debug|Any CPU.ActiveCfg = Debug|Any CPU
		{0C0DE8F4-F872-48A3-905E-79CB0A773027}.Debug|Any CPU.Build.0 = Debug|Any CPU
		{0C0DE8F4-F872-48A3-905E-79CB0A773027}.Release|Any CPU.ActiveCfg = Release|Any CPU
		{0C0DE8F4-F872-48A3-905E-79CB0A773027}.Release|Any CPU.Build.0 = Release|Any CPU
	EndGlobalSection
EndGlobal
